%{
  "cowboy": {:hex, :cowboy, "2.10.0", "ff9ffeff91dae4ae270dd975642997afe2a1179d94b1887863e43f681a203e26", [:make, :rebar3], [{:cowlib, "2.12.1", [hex: :cowlib, repo: "hexpm", optional: false]}, {:ranch, "1.8.0", [hex: :ranch, repo: "hexpm", optional: false]}], "hexpm", "3afdccb7183cc6f143cb14d3cf51fa00e53db9ec80cdcd525482f5e99bc41d6b"},
  "cowlib": {:hex, :cowlib, "2.12.1", "a9fa9a625f1d2025fe6b462cb865881329b5caff8f1854d1cbc9f9533f00e1e1", [:make, :rebar3], [], "hexpm", "163b73f6367a7341b33c794c4e88e7dbfe6498ac42dcd69ef44c5bc5507c8db0"},
  "dialyxir": {:hex, :dialyxir, "1.4.2", "764a6e8e7a354f0ba95d58418178d486065ead1f69ad89782817c296d0d746a5", [:mix], [{:erlex, ">= 0.2.6", [hex: :erlex, repo: "hexpm", optional: false]}], "hexpm", "516603d8067b2fd585319e4b13d3674ad4f314a5902ba8130cd97dc902ce6bbd"},
  "erlex": {:hex, :erlex, "0.2.6", "c7987d15e899c7a2f34f5420d2a2ea0d659682c06ac607572df55a43753aa12e", [:mix], [], "hexpm", "2ed2e25711feb44d52b17d2780eabf998452f6efda104877a3881c2f8c0c0c75"},
  "google_protos": {:hex, :google_protos, "0.3.0", "15faf44dce678ac028c289668ff56548806e313e4959a3aaf4f6e1ebe8db83f4", [:mix], [{:protobuf, "~> 0.10", [hex: :protobuf, repo: "hexpm", optional: false]}], "hexpm", "1f6b7fb20371f72f418b98e5e48dae3e022a9a6de1858d4b254ac5a5d0b4035f"},
  "grpc": {:hex, :grpc, "0.7.0", "a86eab356b0b84406b526786a947ca50e9b9eae87108c873b51e321f8a71e8ed", [:mix], [{:cowboy, "~> 2.10", [hex: :cowboy, repo: "hexpm", optional: false]}, {:cowlib, "~> 2.12", [hex: :cowlib, repo: "hexpm", optional: false]}, {:gun, "~> 2.0", [hex: :gun, repo: "hexpm", optional: false]}, {:mint, "~> 1.5", [hex: :mint, repo: "hexpm", optional: false]}, {:telemetry, "~> 1.0", [hex: :telemetry, repo: "hexpm", optional: false]}], "hexpm", "632a9507da8d3c12b112b197db4d60da3c95bad02594d37711eeb622d032f254"},
  "gun": {:hex, :gun, "2.0.1", "160a9a5394800fcba41bc7e6d421295cf9a7894c2252c0678244948e3336ad73", [:make, :rebar3], [{:cowlib, "2.12.1", [hex: :cowlib, repo: "hexpm", optional: false]}], "hexpm", "a10bc8d6096b9502205022334f719cc9a08d9adcfbfc0dbee9ef31b56274a20b"},
  "hpax": {:hex, :hpax, "0.1.2", "09a75600d9d8bbd064cdd741f21fc06fc1f4cf3d0fcc335e5aa19be1a7235c84", [:mix], [], "hexpm", "2c87843d5a23f5f16748ebe77969880e29809580efdaccd615cd3bed628a8c13"},
  "mint": {:hex, :mint, "1.5.1", "8db5239e56738552d85af398798c80648db0e90f343c8469f6c6d8898944fb6f", [:mix], [{:castore, "~> 0.1.0 or ~> 1.0", [hex: :castore, repo: "hexpm", optional: true]}, {:hpax, "~> 0.1.1", [hex: :hpax, repo: "hexpm", optional: false]}], "hexpm", "4a63e1e76a7c3956abd2c72f370a0d0aecddc3976dea5c27eccbecfa5e7d5b1e"},
  "protobuf": {:hex, :protobuf, "0.11.1", "6c5138808c5494c5deae2844413e0be1911b90c1c1ef065d71e3e9617d1bb5c4", [:mix], [{:jason, "~> 1.2", [hex: :jason, repo: "hexpm", optional: true]}], "hexpm:tubitv", "9a30df55b3939bcaa4ee0c807fe7c5b7230e27acccc28ed0c4e3788b89cbe041"},
  "ranch": {:hex, :ranch, "1.8.0", "8c7a100a139fd57f17327b6413e4167ac559fbc04ca7448e9be9057311597a1d", [:make, :rebar3], [], "hexpm", "49fbcfd3682fab1f5d109351b61257676da1a2fdbe295904176d5e521a2ddfe5"},
  "telemetry": {:hex, :telemetry, "1.2.1", "68fdfe8d8f05a8428483a97d7aab2f268aaff24b49e0f599faa091f1d4e7f61c", [:rebar3], [], "hexpm", "dad9ce9d8effc621708f99eac538ef1cbe05d6a874dd741de2e689c47feafed5"},
}
